// !$*UTF8*$!
{
	archiveVersion = 1;
	classes = {
	};
	objectVersion = 50;
	objects = {

/* Begin PBXBuildFile section */
		444A420A24AA724D0074C6AF /* AppDelegate.swift in Sources */ = {isa = PBXBuildFile; fileRef = 444A420924AA724D0074C6AF /* AppDelegate.swift */; };
		444A420C24AA724D0074C6AF /* SceneDelegate.swift in Sources */ = {isa = PBXBuildFile; fileRef = 444A420B24AA724D0074C6AF /* SceneDelegate.swift */; };
		444A420E24AA724D0074C6AF /* ViewController.swift in Sources */ = {isa = PBXBuildFile; fileRef = 444A420D24AA724D0074C6AF /* ViewController.swift */; };
		444A421124AA724D0074C6AF /* Main.storyboard in Resources */ = {isa = PBXBuildFile; fileRef = 444A420F24AA724D0074C6AF /* Main.storyboard */; };
		444A421324AA724E0074C6AF /* Assets.xcassets in Resources */ = {isa = PBXBuildFile; fileRef = 444A421224AA724E0074C6AF /* Assets.xcassets */; };
		444A421624AA724E0074C6AF /* LaunchScreen.storyboard in Resources */ = {isa = PBXBuildFile; fileRef = 444A421424AA724E0074C6AF /* LaunchScreen.storyboard */; };
		444A421E24AA72990074C6AF /* Extentions.swift in Sources */ = {isa = PBXBuildFile; fileRef = 444A421D24AA72990074C6AF /* Extentions.swift */; };
		444A422D24AA88B80074C6AF /* g1.mp3 in Resources */ = {isa = PBXBuildFile; fileRef = 444A422024AA88B70074C6AF /* g1.mp3 */; };
		444A422E24AA88B80074C6AF /* c1s.mp3 in Resources */ = {isa = PBXBuildFile; fileRef = 444A422124AA88B70074C6AF /* c1s.mp3 */; };
		444A422F24AA88B80074C6AF /* f1.mp3 in Resources */ = {isa = PBXBuildFile; fileRef = 444A422224AA88B70074C6AF /* f1.mp3 */; };
		444A423024AA88B80074C6AF /* e1.mp3 in Resources */ = {isa = PBXBuildFile; fileRef = 444A422324AA88B70074C6AF /* e1.mp3 */; };
		444A423124AA88B80074C6AF /* c2.mp3 in Resources */ = {isa = PBXBuildFile; fileRef = 444A422424AA88B70074C6AF /* c2.mp3 */; };
		444A423224AA88B80074C6AF /* b1.mp3 in Resources */ = {isa = PBXBuildFile; fileRef = 444A422524AA88B70074C6AF /* b1.mp3 */; };
		444A423324AA88B80074C6AF /* f1s.mp3 in Resources */ = {isa = PBXBuildFile; fileRef = 444A422624AA88B70074C6AF /* f1s.mp3 */; };
		444A423424AA88B80074C6AF /* d1s.mp3 in Resources */ = {isa = PBXBuildFile; fileRef = 444A422724AA88B70074C6AF /* d1s.mp3 */; };
		444A423524AA88B80074C6AF /* c1.mp3 in Resources */ = {isa = PBXBuildFile; fileRef = 444A422824AA88B70074C6AF /* c1.mp3 */; };
		444A423624AA88B80074C6AF /* d1.mp3 in Resources */ = {isa = PBXBuildFile; fileRef = 444A422924AA88B70074C6AF /* d1.mp3 */; };
		444A423724AA88B80074C6AF /* a1.mp3 in Resources */ = {isa = PBXBuildFile; fileRef = 444A422A24AA88B70074C6AF /* a1.mp3 */; };
		444A423824AA88B80074C6AF /* a1s.mp3 in Resources */ = {isa = PBXBuildFile; fileRef = 444A422B24AA88B70074C6AF /* a1s.mp3 */; };
		444A423924AA88B80074C6AF /* g1s.mp3 in Resources */ = {isa = PBXBuildFile; fileRef = 444A422C24AA88B80074C6AF /* g1s.mp3 */; };
/* End PBXBuildFile section */

/* Begin PBXFileReference section */
		444A420624AA724D0074C6AF /* 04-piano.app */ = {isa = PBXFileReference; explicitFileType = wrapper.application; includeInIndex = 0; path = "04-piano.app"; sourceTree = BUILT_PRODUCTS_DIR; };
		444A420924AA724D0074C6AF /* AppDelegate.swift */ = {isa = PBXFileReference; lastKnownFileType = sourcecode.swift; path = AppDelegate.swift; sourceTree = "<group>"; };
		444A420B24AA724D0074C6AF /* SceneDelegate.swift */ = {isa = PBXFileReference; lastKnownFileType = sourcecode.swift; path = SceneDelegate.swift; sourceTree = "<group>"; };
		444A420D24AA724D0074C6AF /* ViewController.swift */ = {isa = PBXFileReference; lastKnownFileType = sourcecode.swift; path = ViewController.swift; sourceTree = "<group>"; };
		444A421024AA724D0074C6AF /* Base */ = {isa = PBXFileReference; lastKnownFileType = file.storyboard; name = Base; path = Base.lproj/Main.storyboard; sourceTree = "<group>"; };
		444A421224AA724E0074C6AF /* Assets.xcassets */ = {isa = PBXFileReference; lastKnownFileType = folder.assetcatalog; path = Assets.xcassets; sourceTree = "<group>"; };
		444A421524AA724E0074C6AF /* Base */ = {isa = PBXFileReference; lastKnownFileType = file.storyboard; name = Base; path = Base.lproj/LaunchScreen.storyboard; sourceTree = "<group>"; };
		444A421724AA724E0074C6AF /* Info.plist */ = {isa = PBXFileReference; lastKnownFileType = text.plist.xml; path = Info.plist; sourceTree = "<group>"; };
		444A421D24AA72990074C6AF /* Extentions.swift */ = {isa = PBXFileReference; lastKnownFileType = sourcecode.swift; path = Extentions.swift; sourceTree = "<group>"; };
		444A422024AA88B70074C6AF /* g1.mp3 */ = {isa = PBXFileReference; lastKnownFileType = audio.mp3; path = g1.mp3; sourceTree = "<group>"; };
		444A422124AA88B70074C6AF /* c1s.mp3 */ = {isa = PBXFileReference; lastKnownFileType = audio.mp3; path = c1s.mp3; sourceTree = "<group>"; };
		444A422224AA88B70074C6AF /* f1.mp3 */ = {isa = PBXFileReference; lastKnownFileType = audio.mp3; path = f1.mp3; sourceTree = "<group>"; };
		444A422324AA88B70074C6AF /* e1.mp3 */ = {isa = PBXFileReference; lastKnownFileType = audio.mp3; path = e1.mp3; sourceTree = "<group>"; };
		444A422424AA88B70074C6AF /* c2.mp3 */ = {isa = PBXFileReference; lastKnownFileType = audio.mp3; path = c2.mp3; sourceTree = "<group>"; };
		444A422524AA88B70074C6AF /* b1.mp3 */ = {isa = PBXFileReference; lastKnownFileType = audio.mp3; path = b1.mp3; sourceTree = "<group>"; };
		444A422624AA88B70074C6AF /* f1s.mp3 */ = {isa = PBXFileReference; lastKnownFileType = audio.mp3; path = f1s.mp3; sourceTree = "<group>"; };
		444A422724AA88B70074C6AF /* d1s.mp3 */ = {isa = PBXFileReference; lastKnownFileType = audio.mp3; path = d1s.mp3; sourceTree = "<group>"; };
		444A422824AA88B70074C6AF /* c1.mp3 */ = {isa = PBXFileReference; lastKnownFileType = audio.mp3; path = c1.mp3; sourceTree = "<group>"; };
		444A422924AA88B70074C6AF /* d1.mp3 */ = {isa = PBXFileReference; lastKnownFileType = audio.mp3; path = d1.mp3; sourceTree = "<group>"; };
		444A422A24AA88B70074C6AF /* a1.mp3 */ = {isa = PBXFileReference; lastKnownFileType = audio.mp3; path = a1.mp3; sourceTree = "<group>"; };
		444A422B24AA88B70074C6AF /* a1s.mp3 */ = {isa = PBXFileReference; lastKnownFileType = audio.mp3; path = a1s.mp3; sourceTree = "<group>"; };
		444A422C24AA88B80074C6AF /* g1s.mp3 */ = {isa = PBXFileReference; lastKnownFileType = audio.mp3; path = g1s.mp3; sourceTree = "<group>"; };
/* End PBXFileReference section */

/* Begin PBXFrameworksBuildPhase section */
		444A420324AA724D0074C6AF /* Frameworks */ = {
			isa = PBXFrameworksBuildPhase;
			buildActionMask = 2147483647;
			files = (
			);
			runOnlyForDeploymentPostprocessing = 0;
		};
/* End PBXFrameworksBuildPhase section */

/* Begin PBXGroup section */
		444A41FD24AA724D0074C6AF = {
			isa = PBXGroup;
			children = (
				444A420824AA724D0074C6AF /* 04-piano */,
				444A420724AA724D0074C6AF /* Products */,
			);
			sourceTree = "<group>";
		};
		444A420724AA724D0074C6AF /* Products */ = {
			isa = PBXGroup;
			children = (
				444A420624AA724D0074C6AF /* 04-piano.app */,
			);
			name = Products;
			sourceTree = "<group>";
		};
		444A420824AA724D0074C6AF /* 04-piano */ = {
			isa = PBXGroup;
			children = (
				444A421F24AA88970074C6AF /* Sounds */,
				444A420924AA724D0074C6AF /* AppDelegate.swift */,
				444A420B24AA724D0074C6AF /* SceneDelegate.swift */,
				444A420D24AA724D0074C6AF /* ViewController.swift */,
				444A420F24AA724D0074C6AF /* Main.storyboard */,
				444A421224AA724E0074C6AF /* Assets.xcassets */,
				444A421424AA724E0074C6AF /* LaunchScreen.storyboard */,
				444A421724AA724E0074C6AF /* Info.plist */,
				444A421D24AA72990074C6AF /* Extentions.swift */,
			);
			path = "04-piano";
			sourceTree = "<group>";
		};
		444A421F24AA88970074C6AF /* Sounds */ = {
			isa = PBXGroup;
			children = (
				444A422A24AA88B70074C6AF /* a1.mp3 */,
				444A422B24AA88B70074C6AF /* a1s.mp3 */,
				444A422524AA88B70074C6AF /* b1.mp3 */,
				444A422824AA88B70074C6AF /* c1.mp3 */,
				444A422124AA88B70074C6AF /* c1s.mp3 */,
				444A422424AA88B70074C6AF /* c2.mp3 */,
				444A422924AA88B70074C6AF /* d1.mp3 */,
				444A422724AA88B70074C6AF /* d1s.mp3 */,
				444A422324AA88B70074C6AF /* e1.mp3 */,
				444A422224AA88B70074C6AF /* f1.mp3 */,
				444A422624AA88B70074C6AF /* f1s.mp3 */,
				444A422024AA88B70074C6AF /* g1.mp3 */,
				444A422C24AA88B80074C6AF /* g1s.mp3 */,
			);
			path = Sounds;
			sourceTree = "<group>";
		};
/* End PBXGroup section */

/* Begin PBXNativeTarget section */
		444A420524AA724D0074C6AF /* 04-piano */ = {
			isa = PBXNativeTarget;
			buildConfigurationList = 444A421A24AA724E0074C6AF /* Build configuration list for PBXNativeTarget "04-piano" */;
			buildPhases = (
				444A420224AA724D0074C6AF /* Sources */,
				444A420324AA724D0074C6AF /* Frameworks */,
				444A420424AA724D0074C6AF /* Resources */,
			);
			buildRules = (
			);
			dependencies = (
			);
			name = "04-piano";
			productName = "04-piano";
			productReference = 444A420624AA724D0074C6AF /* 04-piano.app */;
			productType = "com.apple.product-type.application";
		};
/* End PBXNativeTarget section */

/* Begin PBXProject section */
		444A41FE24AA724D0074C6AF /* Project object */ = {
			isa = PBXProject;
			attributes = {
				LastSwiftUpdateCheck = 1150;
				LastUpgradeCheck = 1150;
				ORGANIZATIONNAME = "Ricardo Sanchez";
				TargetAttributes = {
					444A420524AA724D0074C6AF = {
						CreatedOnToolsVersion = 11.5;
					};
				};
			};
			buildConfigurationList = 444A420124AA724D0074C6AF /* Build configuration list for PBXProject "04-piano" */;
			compatibilityVersion = "Xcode 9.3";
			developmentRegion = en;
			hasScannedForEncodings = 0;
			knownRegions = (
				en,
				Base,
			);
			mainGroup = 444A41FD24AA724D0074C6AF;
			productRefGroup = 444A420724AA724D0074C6AF /* Products */;
			projectDirPath = "";
			projectRoot = "";
			targets = (
				444A420524AA724D0074C6AF /* 04-piano */,
			);
		};
/* End PBXProject section */

/* Begin PBXResourcesBuildPhase section */
		444A420424AA724D0074C6AF /* Resources */ = {
			isa = PBXResourcesBuildPhase;
			buildActionMask = 2147483647;
			files = (
				444A423924AA88B80074C6AF /* g1s.mp3 in Resources */,
				444A423824AA88B80074C6AF /* a1s.mp3 in Resources */,
				444A423624AA88B80074C6AF /* d1.mp3 in Resources */,
				444A423524AA88B80074C6AF /* c1.mp3 in Resources */,
				444A423424AA88B80074C6AF /* d1s.mp3 in Resources */,
				444A422D24AA88B80074C6AF /* g1.mp3 in Resources */,
				444A423124AA88B80074C6AF /* c2.mp3 in Resources */,
				444A423224AA88B80074C6AF /* b1.mp3 in Resources */,
				444A421624AA724E0074C6AF /* LaunchScreen.storyboard in Resources */,
				444A422E24AA88B80074C6AF /* c1s.mp3 in Resources */,
				444A423324AA88B80074C6AF /* f1s.mp3 in Resources */,
				444A422F24AA88B80074C6AF /* f1.mp3 in Resources */,
				444A423724AA88B80074C6AF /* a1.mp3 in Resources */,
				444A421324AA724E0074C6AF /* Assets.xcassets in Resources */,
				444A421124AA724D0074C6AF /* Main.storyboard in Resources */,
				444A423024AA88B80074C6AF /* e1.mp3 in Resources */,
			);
			runOnlyForDeploymentPostprocessing = 0;
		};
/* End PBXResourcesBuildPhase section */

/* Begin PBXSourcesBuildPhase section */
		444A420224AA724D0074C6AF /* Sources */ = {
			isa = PBXSourcesBuildPhase;
			buildActionMask = 2147483647;
			files = (
				444A421E24AA72990074C6AF /* Extentions.swift in Sources */,
				444A420E24AA724D0074C6AF /* ViewController.swift in Sources */,
				444A420A24AA724D0074C6AF /* AppDelegate.swift in Sources */,
				444A420C24AA724D0074C6AF /* SceneDelegate.swift in Sources */,
			);
			runOnlyForDeploymentPostprocessing = 0;
		};
/* End PBXSourcesBuildPhase section */

/* Begin PBXVariantGroup section */
		444A420F24AA724D0074C6AF /* Main.storyboard */ = {
			isa = PBXVariantGroup;
			children = (
				444A421024AA724D0074C6AF /* Base */,
			);
			name = Main.storyboard;
			sourceTree = "<group>";
		};
		444A421424AA724E0074C6AF /* LaunchScreen.storyboard */ = {
			isa = PBXVariantGroup;
			children = (
				444A421524AA724E0074C6AF /* Base */,
			);
			name = LaunchScreen.storyboard;
			sourceTree = "<group>";
		};
/* End PBXVariantGroup section */

/* Begin XCBuildConfiguration section */
		444A421824AA724E0074C6AF /* Debug */ = {
			isa = XCBuildConfiguration;
			buildSettings = {
				ALWAYS_SEARCH_USER_PATHS = NO;
				CLANG_ANALYZER_NONNULL = YES;
				CLANG_ANALYZER_NUMBER_OBJECT_CONVERSION = YES_AGGRESSIVE;
				CLANG_CXX_LANGUAGE_STANDARD = "gnu++14";
				CLANG_CXX_LIBRARY = "libc++";
				CLANG_ENABLE_MODULES = YES;
				CLANG_ENABLE_OBJC_ARC = YES;
				CLANG_ENABLE_OBJC_WEAK = YES;
				CLANG_WARN_BLOCK_CAPTURE_AUTORELEASING = YES;
				CLANG_WARN_BOOL_CONVERSION = YES;
				CLANG_WARN_COMMA = YES;
				CLANG_WARN_CONSTANT_CONVERSION = YES;
				CLANG_WARN_DEPRECATED_OBJC_IMPLEMENTATIONS = YES;
				CLANG_WARN_DIRECT_OBJC_ISA_USAGE = YES_ERROR;
				CLANG_WARN_DOCUMENTATION_COMMENTS = YES;
				CLANG_WARN_EMPTY_BODY = YES;
				CLANG_WARN_ENUM_CONVERSION = YES;
				CLANG_WARN_INFINITE_RECURSION = YES;
				CLANG_WARN_INT_CONVERSION = YES;
				CLANG_WARN_NON_LITERAL_NULL_CONVERSION = YES;
				CLANG_WARN_OBJC_IMPLICIT_RETAIN_SELF = YES;
				CLANG_WARN_OBJC_LITERAL_CONVERSION = YES;
				CLANG_WARN_OBJC_ROOT_CLASS = YES_ERROR;
				CLANG_WARN_RANGE_LOOP_ANALYSIS = YES;
				CLANG_WARN_STRICT_PROTOTYPES = YES;
				CLANG_WARN_SUSPICIOUS_MOVE = YES;
				CLANG_WARN_UNGUARDED_AVAILABILITY = YES_AGGRESSIVE;
				CLANG_WARN_UNREACHABLE_CODE = YES;
				CLANG_WARN__DUPLICATE_METHOD_MATCH = YES;
				COPY_PHASE_STRIP = NO;
				DEBUG_INFORMATION_FORMAT = dwarf;
				ENABLE_STRICT_OBJC_MSGSEND = YES;
				ENABLE_TESTABILITY = YES;
				GCC_C_LANGUAGE_STANDARD = gnu11;
				GCC_DYNAMIC_NO_PIC = NO;
				GCC_NO_COMMON_BLOCKS = YES;
				GCC_OPTIMIZATION_LEVEL = 0;
				GCC_PREPROCESSOR_DEFINITIONS = (
					"DEBUG=1",
					"$(inherited)",
				);
				GCC_WARN_64_TO_32_BIT_CONVERSION = YES;
				GCC_WARN_ABOUT_RETURN_TYPE = YES_ERROR;
				GCC_WARN_UNDECLARED_SELECTOR = YES;
				GCC_WARN_UNINITIALIZED_AUTOS = YES_AGGRESSIVE;
				GCC_WARN_UNUSED_FUNCTION = YES;
				GCC_WARN_UNUSED_VARIABLE = YES;
				IPHONEOS_DEPLOYMENT_TARGET = 13.5;
				MTL_ENABLE_DEBUG_INFO = INCLUDE_SOURCE;
				MTL_FAST_MATH = YES;
				ONLY_ACTIVE_ARCH = YES;
				SDKROOT = iphoneos;
				SWIFT_ACTIVE_COMPILATION_CONDITIONS = DEBUG;
				SWIFT_OPTIMIZATION_LEVEL = "-Onone";
			};
			name = Debug;
		};
		444A421924AA724E0074C6AF /* Release */ = {
			isa = XCBuildConfiguration;
			buildSettings = {
				ALWAYS_SEARCH_USER_PATHS = NO;
				CLANG_ANALYZER_NONNULL = YES;
				CLANG_ANALYZER_NUMBER_OBJECT_CONVERSION = YES_AGGRESSIVE;
				CLANG_CXX_LANGUAGE_STANDARD = "gnu++14";
				CLANG_CXX_LIBRARY = "libc++";
				CLANG_ENABLE_MODULES = YES;
				CLANG_ENABLE_OBJC_ARC = YES;
				CLANG_ENABLE_OBJC_WEAK = YES;
				CLANG_WARN_BLOCK_CAPTURE_AUTORELEASING = YES;
				CLANG_WARN_BOOL_CONVERSION = YES;
				CLANG_WARN_COMMA = YES;
				CLANG_WARN_CONSTANT_CONVERSION = YES;
				CLANG_WARN_DEPRECATED_OBJC_IMPLEMENTATIONS = YES;
				CLANG_WARN_DIRECT_OBJC_ISA_USAGE = YES_ERROR;
				CLANG_WARN_DOCUMENTATION_COMMENTS = YES;
				CLANG_WARN_EMPTY_BODY = YES;
				CLANG_WARN_ENUM_CONVERSION = YES;
				CLANG_WARN_INFINITE_RECURSION = YES;
				CLANG_WARN_INT_CONVERSION = YES;
				CLANG_WARN_NON_LITERAL_NULL_CONVERSION = YES;
				CLANG_WARN_OBJC_IMPLICIT_RETAIN_SELF = YES;
				CLANG_WARN_OBJC_LITERAL_CONVERSION = YES;
				CLANG_WARN_OBJC_ROOT_CLASS = YES_ERROR;
				CLANG_WARN_RANGE_LOOP_ANALYSIS = YES;
				CLANG_WARN_STRICT_PROTOTYPES = YES;
				CLANG_WARN_SUSPICIOUS_MOVE = YES;
				CLANG_WARN_UNGUARDED_AVAILABILITY = YES_AGGRESSIVE;
				CLANG_WARN_UNREACHABLE_CODE = YES;
				CLANG_WARN__DUPLICATE_METHOD_MATCH = YES;
				COPY_PHASE_STRIP = NO;
				DEBUG_INFORMATION_FORMAT = "dwarf-with-dsym";
				ENABLE_NS_ASSERTIONS = NO;
				ENABLE_STRICT_OBJC_MSGSEND = YES;
				GCC_C_LANGUAGE_STANDARD = gnu11;
				GCC_NO_COMMON_BLOCKS = YES;
				GCC_WARN_64_TO_32_BIT_CONVERSION = YES;
				GCC_WARN_ABOUT_RETURN_TYPE = YES_ERROR;
				GCC_WARN_UNDECLARED_SELECTOR = YES;
				GCC_WARN_UNINITIALIZED_AUTOS = YES_AGGRESSIVE;
				GCC_WARN_UNUSED_FUNCTION = YES;
				GCC_WARN_UNUSED_VARIABLE = YES;
				IPHONEOS_DEPLOYMENT_TARGET = 13.5;
				MTL_ENABLE_DEBUG_INFO = NO;
				MTL_FAST_MATH = YES;
				SDKROOT = iphoneos;
				SWIFT_COMPILATION_MODE = wholemodule;
				SWIFT_OPTIMIZATION_LEVEL = "-O";
				VALIDATE_PRODUCT = YES;
			};
			name = Release;
		};
		444A421B24AA724E0074C6AF /* Debug */ = {
			isa = XCBuildConfiguration;
			buildSettings = {
				ASSETCATALOG_COMPILER_APPICON_NAME = AppIcon;
				CODE_SIGN_STYLE = Automatic;
				DEVELOPMENT_TEAM = 87PHZ4NNGZ;
				INFOPLIST_FILE = "04-piano/Info.plist";
				LD_RUNPATH_SEARCH_PATHS = (
					"$(inherited)",
					"@executable_path/Frameworks",
				);
				PRODUCT_BUNDLE_IDENTIFIER = com.ricsaniosdev.piano;
				PRODUCT_NAME = "$(TARGET_NAME)";
				SWIFT_VERSION = 5.0;
				TARGETED_DEVICE_FAMILY = "1,2";
			};
			name = Debug;
		};
		444A421C24AA724E0074C6AF /* Release */ = {
			isa = XCBuildConfiguration;
			buildSettings = {
				ASSETCATALOG_COMPILER_APPICON_NAME = AppIcon;
				CODE_SIGN_STYLE = Automatic;
				DEVELOPMENT_TEAM = 87PHZ4NNGZ;
				INFOPLIST_FILE = "04-piano/Info.plist";
				LD_RUNPATH_SEARCH_PATHS = (
					"$(inherited)",
					"@executable_path/Frameworks",
				);
				PRODUCT_BUNDLE_IDENTIFIER = com.ricsaniosdev.piano;
				PRODUCT_NAME = "$(TARGET_NAME)";
				SWIFT_VERSION = 5.0;
				TARGETED_DEVICE_FAMILY = "1,2";
			};
			name = Release;
		};
/* End XCBuildConfiguration section */

/* Begin XCConfigurationList section */
		444A420124AA724D0074C6AF /* Build configuration list for PBXProject "04-piano" */ = {
			isa = XCConfigurationList;
			buildConfigurations = (
				444A421824AA724E0074C6AF /* Debug */,
				444A421924AA724E0074C6AF /* Release */,
			);
			defaultConfigurationIsVisible = 0;
			defaultConfigurationName = Release;
		};
		444A421A24AA724E0074C6AF /* Build configuration list for PBXNativeTarget "04-piano" */ = {
			isa = XCConfigurationList;
			buildConfigurations = (
				444A421B24AA724E0074C6AF /* Debug */,
				444A421C24AA724E0074C6AF /* Release */,
			);
			defaultConfigurationIsVisible = 0;
			defaultConfigurationName = Release;
		};
/* End XCConfigurationList section */
	};
	rootObject = 444A41FE24AA724D0074C6AF /* Project object */;
}
